// !$*UTF8*$!
{
	archiveVersion = 1;
	classes = {
	};
	objectVersion = 56;
	objects = {

/* Begin PBXBuildFile section */
		3C196FBF2903DE7900431ED5 /* SessionFinishedTextCell.swift in Sources */ = {isa = PBXBuildFile; fileRef = 3C196FBE2903DE7900431ED5 /* SessionFinishedTextCell.swift */; };
		3C23DEE92902E0E600767947 /* SessionRunningButton.swift in Sources */ = {isa = PBXBuildFile; fileRef = 3C23DEE82902E0E600767947 /* SessionRunningButton.swift */; };
		3C23DEEC2902E78000767947 /* BackgroundLinearColor.swift in Sources */ = {isa = PBXBuildFile; fileRef = 3C23DEEB2902E78000767947 /* BackgroundLinearColor.swift */; };
		3C47EB04290843FF0096D1D7 /* DoubleExtension.swift in Sources */ = {isa = PBXBuildFile; fileRef = 3C47EB03290843FF0096D1D7 /* DoubleExtension.swift */; };
		3C47EB0729086A050096D1D7 /* ChartCell.swift in Sources */ = {isa = PBXBuildFile; fileRef = 3C47EB0629086A050096D1D7 /* ChartCell.swift */; };
		3C52FFFF291035EB0047FC18 /* StartSessionButton.swift in Sources */ = {isa = PBXBuildFile; fileRef = 3C52FFFE291035EB0047FC18 /* StartSessionButton.swift */; };
		3C5D424728FD7B6000005398 /* CoreMotionViewModel.swift in Sources */ = {isa = PBXBuildFile; fileRef = 3C5D424628FD7B6000005398 /* CoreMotionViewModel.swift */; };
		3C748E0A2901CC9C004781E5 /* LaunchSessionView.swift in Sources */ = {isa = PBXBuildFile; fileRef = 3C748E092901CC9C004781E5 /* LaunchSessionView.swift */; };
		3C748E112901DDE5004781E5 /* Samples.swift in Sources */ = {isa = PBXBuildFile; fileRef = 3C748E102901DDE5004781E5 /* Samples.swift */; };
		3C9AEA2628FBF6350080415E /* BougeTesJambesApp.swift in Sources */ = {isa = PBXBuildFile; fileRef = 3C9AEA2528FBF6350080415E /* BougeTesJambesApp.swift */; };
		3C9AEA2A28FBF6360080415E /* Assets.xcassets in Resources */ = {isa = PBXBuildFile; fileRef = 3C9AEA2928FBF6360080415E /* Assets.xcassets */; };
		3C9AEA2D28FBF6360080415E /* Preview Assets.xcassets in Resources */ = {isa = PBXBuildFile; fileRef = 3C9AEA2C28FBF6360080415E /* Preview Assets.xcassets */; };
		3C9AEA5028FBF6B90080415E /* SessionModel.swift in Sources */ = {isa = PBXBuildFile; fileRef = 3C9AEA4F28FBF6B90080415E /* SessionModel.swift */; };
		3C9AEA5328FBFD0B0080415E /* StartedSessionView.swift in Sources */ = {isa = PBXBuildFile; fileRef = 3C9AEA5228FBFD0B0080415E /* StartedSessionView.swift */; };
		3C9AEA5528FC063A0080415E /* FinishedSessionViewModel.swift in Sources */ = {isa = PBXBuildFile; fileRef = 3C9AEA5428FC063A0080415E /* FinishedSessionViewModel.swift */; };
		3C9AEA5828FC09730080415E /* FinishedSessionListView.swift in Sources */ = {isa = PBXBuildFile; fileRef = 3C9AEA5728FC09730080415E /* FinishedSessionListView.swift */; };
		3C9AEA5A28FC1B970080415E /* FinishedSessionDetailView.swift in Sources */ = {isa = PBXBuildFile; fileRef = 3C9AEA5928FC1B970080415E /* FinishedSessionDetailView.swift */; };
		3C9AEA5C28FC1E230080415E /* ConvertTimeViewModel.swift in Sources */ = {isa = PBXBuildFile; fileRef = 3C9AEA5B28FC1E230080415E /* ConvertTimeViewModel.swift */; };
		3C9AEA5E28FC20430080415E /* ConvertTimeTests.swift in Sources */ = {isa = PBXBuildFile; fileRef = 3C9AEA5D28FC20430080415E /* ConvertTimeTests.swift */; };
		3C9AEA6228FC24DA0080415E /* PlaySongViewModel.swift in Sources */ = {isa = PBXBuildFile; fileRef = 3C9AEA6128FC24DA0080415E /* PlaySongViewModel.swift */; };
		3C9AEA6828FC25310080415E /* mixkit-service.wav in Resources */ = {isa = PBXBuildFile; fileRef = 3C9AEA6428FC25310080415E /* mixkit-service.wav */; };
		3C9AEA6928FC25310080415E /* mixkit-happy.wav in Resources */ = {isa = PBXBuildFile; fileRef = 3C9AEA6528FC25310080415E /* mixkit-happy.wav */; };
		3C9AEA6A28FC25310080415E /* mixkit-horror.wav in Resources */ = {isa = PBXBuildFile; fileRef = 3C9AEA6628FC25310080415E /* mixkit-horror.wav */; };
		3C9AEA6B28FC25310080415E /* mixkit-arcade.wav in Resources */ = {isa = PBXBuildFile; fileRef = 3C9AEA6728FC25310080415E /* mixkit-arcade.wav */; };
		3C9AEA7228FC2FE90080415E /* LocationManager.swift in Sources */ = {isa = PBXBuildFile; fileRef = 3C9AEA7128FC2FE90080415E /* LocationManager.swift */; };
		3CA5FFEA291425B200A789CF /* SessionActivityAttributes.swift in Sources */ = {isa = PBXBuildFile; fileRef = 3CA5FFE9291425B200A789CF /* SessionActivityAttributes.swift */; };
		3CA5FFEB291425C500A789CF /* SessionActivityAttributes.swift in Sources */ = {isa = PBXBuildFile; fileRef = 3CA5FFE9291425B200A789CF /* SessionActivityAttributes.swift */; };
		3CAB873A28FF0A97009966D5 /* ShowFinishedSessionSheetButtonCell.swift in Sources */ = {isa = PBXBuildFile; fileRef = 3CAB873928FF0A97009966D5 /* ShowFinishedSessionSheetButtonCell.swift */; };
		3CAB873C28FF0D6A009966D5 /* ToolbarTitleViewModifier.swift in Sources */ = {isa = PBXBuildFile; fileRef = 3CAB873B28FF0D6A009966D5 /* ToolbarTitleViewModifier.swift */; };
		3CC3D5B129029C9F006DC14A /* WeatherViewModel.swift in Sources */ = {isa = PBXBuildFile; fileRef = 3CC3D5B029029C9F006DC14A /* WeatherViewModel.swift */; };
		3CC54E5B291265E10013E75F /* FinishedSessionTests.swift in Sources */ = {isa = PBXBuildFile; fileRef = 3CC54E5A291265E10013E75F /* FinishedSessionTests.swift */; };
		3CD200662917F6EB0076D77E /* DoubleExtension.swift in Sources */ = {isa = PBXBuildFile; fileRef = 3C47EB03290843FF0096D1D7 /* DoubleExtension.swift */; };
		3CE7F2272912DD1D00B0ED83 /* WidgetKit.framework in Frameworks */ = {isa = PBXBuildFile; fileRef = 3CE7F2262912DD1D00B0ED83 /* WidgetKit.framework */; };
		3CE7F2292912DD1D00B0ED83 /* SwiftUI.framework in Frameworks */ = {isa = PBXBuildFile; fileRef = 3CE7F2282912DD1D00B0ED83 /* SwiftUI.framework */; };
		3CE7F22C2912DD1D00B0ED83 /* MaskoLiveActivityWidgetBundle.swift in Sources */ = {isa = PBXBuildFile; fileRef = 3CE7F22B2912DD1D00B0ED83 /* MaskoLiveActivityWidgetBundle.swift */; };
		3CE7F22E2912DD1D00B0ED83 /* MaskoLiveActivityWidgetLiveActivity.swift in Sources */ = {isa = PBXBuildFile; fileRef = 3CE7F22D2912DD1D00B0ED83 /* MaskoLiveActivityWidgetLiveActivity.swift */; };
		3CE7F2302912DD1D00B0ED83 /* MaskoLiveActivityWidget.swift in Sources */ = {isa = PBXBuildFile; fileRef = 3CE7F22F2912DD1D00B0ED83 /* MaskoLiveActivityWidget.swift */; };
		3CE7F2322912DD1E00B0ED83 /* Assets.xcassets in Resources */ = {isa = PBXBuildFile; fileRef = 3CE7F2312912DD1E00B0ED83 /* Assets.xcassets */; };
		3CE7F2362912DD1E00B0ED83 /* MaskoLiveActivityWidgetExtension.appex in Embed Foundation Extensions */ = {isa = PBXBuildFile; fileRef = 3CE7F2242912DD1D00B0ED83 /* MaskoLiveActivityWidgetExtension.appex */; settings = {ATTRIBUTES = (RemoveHeadersOnCopy, ); }; };
/* End PBXBuildFile section */

/* Begin PBXContainerItemProxy section */
		3C9AEA3328FBF6360080415E /* PBXContainerItemProxy */ = {
			isa = PBXContainerItemProxy;
			containerPortal = 3C9AEA1A28FBF6350080415E /* Project object */;
			proxyType = 1;
			remoteGlobalIDString = 3C9AEA2128FBF6350080415E;
			remoteInfo = BougeTesJambes;
		};
		3CE7F2342912DD1E00B0ED83 /* PBXContainerItemProxy */ = {
			isa = PBXContainerItemProxy;
			containerPortal = 3C9AEA1A28FBF6350080415E /* Project object */;
			proxyType = 1;
			remoteGlobalIDString = 3CE7F2232912DD1D00B0ED83;
			remoteInfo = MaskoLiveActivityWidgetExtension;
		};
/* End PBXContainerItemProxy section */

/* Begin PBXCopyFilesBuildPhase section */
		3CE7F2372912DD1E00B0ED83 /* Embed Foundation Extensions */ = {
			isa = PBXCopyFilesBuildPhase;
			buildActionMask = 2147483647;
			dstPath = "";
			dstSubfolderSpec = 13;
			files = (
				3CE7F2362912DD1E00B0ED83 /* MaskoLiveActivityWidgetExtension.appex in Embed Foundation Extensions */,
			);
			name = "Embed Foundation Extensions";
			runOnlyForDeploymentPostprocessing = 0;
		};
/* End PBXCopyFilesBuildPhase section */

/* Begin PBXFileReference section */
		3C196FBE2903DE7900431ED5 /* SessionFinishedTextCell.swift */ = {isa = PBXFileReference; lastKnownFileType = sourcecode.swift; path = SessionFinishedTextCell.swift; sourceTree = "<group>"; };
		3C2173A9290A9DE400B785A0 /* Masko-Info.plist */ = {isa = PBXFileReference; lastKnownFileType = text.plist.xml; path = "Masko-Info.plist"; sourceTree = "<group>"; };
		3C23DEE82902E0E600767947 /* SessionRunningButton.swift */ = {isa = PBXFileReference; lastKnownFileType = sourcecode.swift; path = SessionRunningButton.swift; sourceTree = "<group>"; };
		3C23DEEB2902E78000767947 /* BackgroundLinearColor.swift */ = {isa = PBXFileReference; lastKnownFileType = sourcecode.swift; path = BackgroundLinearColor.swift; sourceTree = "<group>"; };
		3C47EB03290843FF0096D1D7 /* DoubleExtension.swift */ = {isa = PBXFileReference; lastKnownFileType = sourcecode.swift; path = DoubleExtension.swift; sourceTree = "<group>"; };
		3C47EB0629086A050096D1D7 /* ChartCell.swift */ = {isa = PBXFileReference; lastKnownFileType = sourcecode.swift; path = ChartCell.swift; sourceTree = "<group>"; };
		3C52FFFE291035EB0047FC18 /* StartSessionButton.swift */ = {isa = PBXFileReference; lastKnownFileType = sourcecode.swift; path = StartSessionButton.swift; sourceTree = "<group>"; };
		3C5D424628FD7B6000005398 /* CoreMotionViewModel.swift */ = {isa = PBXFileReference; lastKnownFileType = sourcecode.swift; path = CoreMotionViewModel.swift; sourceTree = "<group>"; };
		3C748E092901CC9C004781E5 /* LaunchSessionView.swift */ = {isa = PBXFileReference; lastKnownFileType = sourcecode.swift; path = LaunchSessionView.swift; sourceTree = "<group>"; };
		3C748E102901DDE5004781E5 /* Samples.swift */ = {isa = PBXFileReference; lastKnownFileType = sourcecode.swift; path = Samples.swift; sourceTree = "<group>"; };
		3C9AEA2228FBF6350080415E /* Masko.app */ = {isa = PBXFileReference; explicitFileType = wrapper.application; includeInIndex = 0; path = Masko.app; sourceTree = BUILT_PRODUCTS_DIR; };
		3C9AEA2528FBF6350080415E /* BougeTesJambesApp.swift */ = {isa = PBXFileReference; lastKnownFileType = sourcecode.swift; path = BougeTesJambesApp.swift; sourceTree = "<group>"; };
		3C9AEA2928FBF6360080415E /* Assets.xcassets */ = {isa = PBXFileReference; lastKnownFileType = folder.assetcatalog; path = Assets.xcassets; sourceTree = "<group>"; };
		3C9AEA2C28FBF6360080415E /* Preview Assets.xcassets */ = {isa = PBXFileReference; lastKnownFileType = folder.assetcatalog; path = "Preview Assets.xcassets"; sourceTree = "<group>"; };
		3C9AEA3228FBF6360080415E /* MaskoTests.xctest */ = {isa = PBXFileReference; explicitFileType = wrapper.cfbundle; includeInIndex = 0; path = MaskoTests.xctest; sourceTree = BUILT_PRODUCTS_DIR; };
		3C9AEA4F28FBF6B90080415E /* SessionModel.swift */ = {isa = PBXFileReference; lastKnownFileType = sourcecode.swift; path = SessionModel.swift; sourceTree = "<group>"; };
		3C9AEA5228FBFD0B0080415E /* StartedSessionView.swift */ = {isa = PBXFileReference; lastKnownFileType = sourcecode.swift; path = StartedSessionView.swift; sourceTree = "<group>"; };
		3C9AEA5428FC063A0080415E /* FinishedSessionViewModel.swift */ = {isa = PBXFileReference; lastKnownFileType = sourcecode.swift; path = FinishedSessionViewModel.swift; sourceTree = "<group>"; };
		3C9AEA5728FC09730080415E /* FinishedSessionListView.swift */ = {isa = PBXFileReference; lastKnownFileType = sourcecode.swift; path = FinishedSessionListView.swift; sourceTree = "<group>"; };
		3C9AEA5928FC1B970080415E /* FinishedSessionDetailView.swift */ = {isa = PBXFileReference; lastKnownFileType = sourcecode.swift; path = FinishedSessionDetailView.swift; sourceTree = "<group>"; };
		3C9AEA5B28FC1E230080415E /* ConvertTimeViewModel.swift */ = {isa = PBXFileReference; lastKnownFileType = sourcecode.swift; path = ConvertTimeViewModel.swift; sourceTree = "<group>"; };
		3C9AEA5D28FC20430080415E /* ConvertTimeTests.swift */ = {isa = PBXFileReference; lastKnownFileType = sourcecode.swift; path = ConvertTimeTests.swift; sourceTree = "<group>"; };
		3C9AEA6128FC24DA0080415E /* PlaySongViewModel.swift */ = {isa = PBXFileReference; lastKnownFileType = sourcecode.swift; path = PlaySongViewModel.swift; sourceTree = "<group>"; };
		3C9AEA6428FC25310080415E /* mixkit-service.wav */ = {isa = PBXFileReference; lastKnownFileType = audio.wav; path = "mixkit-service.wav"; sourceTree = "<group>"; };
		3C9AEA6528FC25310080415E /* mixkit-happy.wav */ = {isa = PBXFileReference; lastKnownFileType = audio.wav; path = "mixkit-happy.wav"; sourceTree = "<group>"; };
		3C9AEA6628FC25310080415E /* mixkit-horror.wav */ = {isa = PBXFileReference; lastKnownFileType = audio.wav; path = "mixkit-horror.wav"; sourceTree = "<group>"; };
		3C9AEA6728FC25310080415E /* mixkit-arcade.wav */ = {isa = PBXFileReference; lastKnownFileType = audio.wav; path = "mixkit-arcade.wav"; sourceTree = "<group>"; };
		3C9AEA7128FC2FE90080415E /* LocationManager.swift */ = {isa = PBXFileReference; lastKnownFileType = sourcecode.swift; path = LocationManager.swift; sourceTree = "<group>"; };
		3CA5FFE9291425B200A789CF /* SessionActivityAttributes.swift */ = {isa = PBXFileReference; lastKnownFileType = sourcecode.swift; path = SessionActivityAttributes.swift; sourceTree = "<group>"; };
		3CAB873928FF0A97009966D5 /* ShowFinishedSessionSheetButtonCell.swift */ = {isa = PBXFileReference; lastKnownFileType = sourcecode.swift; path = ShowFinishedSessionSheetButtonCell.swift; sourceTree = "<group>"; };
		3CAB873B28FF0D6A009966D5 /* ToolbarTitleViewModifier.swift */ = {isa = PBXFileReference; lastKnownFileType = sourcecode.swift; path = ToolbarTitleViewModifier.swift; sourceTree = "<group>"; };
		3CC3D5AF29029BF8006DC14A /* Masko.entitlements */ = {isa = PBXFileReference; lastKnownFileType = text.plist.entitlements; path = Masko.entitlements; sourceTree = "<group>"; };
		3CC3D5B029029C9F006DC14A /* WeatherViewModel.swift */ = {isa = PBXFileReference; lastKnownFileType = sourcecode.swift; path = WeatherViewModel.swift; sourceTree = "<group>"; };
		3CC54E5A291265E10013E75F /* FinishedSessionTests.swift */ = {isa = PBXFileReference; lastKnownFileType = sourcecode.swift; path = FinishedSessionTests.swift; sourceTree = "<group>"; };
		3CE7F2242912DD1D00B0ED83 /* MaskoLiveActivityWidgetExtension.appex */ = {isa = PBXFileReference; explicitFileType = "wrapper.app-extension"; includeInIndex = 0; path = MaskoLiveActivityWidgetExtension.appex; sourceTree = BUILT_PRODUCTS_DIR; };
		3CE7F2262912DD1D00B0ED83 /* WidgetKit.framework */ = {isa = PBXFileReference; lastKnownFileType = wrapper.framework; name = WidgetKit.framework; path = System/Library/Frameworks/WidgetKit.framework; sourceTree = SDKROOT; };
		3CE7F2282912DD1D00B0ED83 /* SwiftUI.framework */ = {isa = PBXFileReference; lastKnownFileType = wrapper.framework; name = SwiftUI.framework; path = System/Library/Frameworks/SwiftUI.framework; sourceTree = SDKROOT; };
		3CE7F22B2912DD1D00B0ED83 /* MaskoLiveActivityWidgetBundle.swift */ = {isa = PBXFileReference; lastKnownFileType = sourcecode.swift; path = MaskoLiveActivityWidgetBundle.swift; sourceTree = "<group>"; };
		3CE7F22D2912DD1D00B0ED83 /* MaskoLiveActivityWidgetLiveActivity.swift */ = {isa = PBXFileReference; lastKnownFileType = sourcecode.swift; path = MaskoLiveActivityWidgetLiveActivity.swift; sourceTree = "<group>"; };
		3CE7F22F2912DD1D00B0ED83 /* MaskoLiveActivityWidget.swift */ = {isa = PBXFileReference; lastKnownFileType = sourcecode.swift; path = MaskoLiveActivityWidget.swift; sourceTree = "<group>"; };
		3CE7F2312912DD1E00B0ED83 /* Assets.xcassets */ = {isa = PBXFileReference; lastKnownFileType = folder.assetcatalog; path = Assets.xcassets; sourceTree = "<group>"; };
		3CE7F2332912DD1E00B0ED83 /* Info.plist */ = {isa = PBXFileReference; lastKnownFileType = text.plist.xml; path = Info.plist; sourceTree = "<group>"; };
/* End PBXFileReference section */

/* Begin PBXFrameworksBuildPhase section */
		3C9AEA1F28FBF6350080415E /* Frameworks */ = {
			isa = PBXFrameworksBuildPhase;
			buildActionMask = 2147483647;
			files = (
			);
			runOnlyForDeploymentPostprocessing = 0;
		};
		3C9AEA2F28FBF6360080415E /* Frameworks */ = {
			isa = PBXFrameworksBuildPhase;
			buildActionMask = 2147483647;
			files = (
			);
			runOnlyForDeploymentPostprocessing = 0;
		};
		3CE7F2212912DD1D00B0ED83 /* Frameworks */ = {
			isa = PBXFrameworksBuildPhase;
			buildActionMask = 2147483647;
			files = (
				3CE7F2292912DD1D00B0ED83 /* SwiftUI.framework in Frameworks */,
				3CE7F2272912DD1D00B0ED83 /* WidgetKit.framework in Frameworks */,
			);
			runOnlyForDeploymentPostprocessing = 0;
		};
/* End PBXFrameworksBuildPhase section */

/* Begin PBXGroup section */
		3C23DEEA2902E15700767947 /* Buttons */ = {
			isa = PBXGroup;
			children = (
				3C23DEE82902E0E600767947 /* SessionRunningButton.swift */,
				3C52FFFE291035EB0047FC18 /* StartSessionButton.swift */,
			);
			path = Buttons;
			sourceTree = "<group>";
		};
		3C371BD5290C00CE00DFD619 /* Manager */ = {
			isa = PBXGroup;
			children = (
				3C9AEA7128FC2FE90080415E /* LocationManager.swift */,
			);
			path = Manager;
			sourceTree = "<group>";
		};
		3C47EB05290844680096D1D7 /* Extensions */ = {
			isa = PBXGroup;
			children = (
				3C47EB03290843FF0096D1D7 /* DoubleExtension.swift */,
			);
			path = Extensions;
			sourceTree = "<group>";
		};
		3C748E0D2901CE30004781E5 /* Ressources */ = {
			isa = PBXGroup;
			children = (
				3C748E102901DDE5004781E5 /* Samples.swift */,
			);
			path = Ressources;
			sourceTree = "<group>";
		};
		3C9AEA1928FBF6350080415E = {
			isa = PBXGroup;
			children = (
				3C2173A9290A9DE400B785A0 /* Masko-Info.plist */,
				3CC3D5AF29029BF8006DC14A /* Masko.entitlements */,
				3C9AEA2528FBF6350080415E /* BougeTesJambesApp.swift */,
				3C9AEA2428FBF6350080415E /* BougeTesJambes */,
				3C9AEA3528FBF6360080415E /* MaskoTests */,
				3CE7F22A2912DD1D00B0ED83 /* MaskoLiveActivityWidget */,
				3CE7F2252912DD1D00B0ED83 /* Frameworks */,
				3C9AEA2328FBF6350080415E /* Products */,
			);
			sourceTree = "<group>";
		};
		3C9AEA2328FBF6350080415E /* Products */ = {
			isa = PBXGroup;
			children = (
				3C9AEA2228FBF6350080415E /* Masko.app */,
				3C9AEA3228FBF6360080415E /* MaskoTests.xctest */,
				3CE7F2242912DD1D00B0ED83 /* MaskoLiveActivityWidgetExtension.appex */,
			);
			name = Products;
			sourceTree = "<group>";
		};
		3C9AEA2428FBF6350080415E /* BougeTesJambes */ = {
			isa = PBXGroup;
			children = (
				3CAB873E28FF0D97009966D5 /* Views */,
				3C47EB05290844680096D1D7 /* Extensions */,
				3C9AEA5628FC063E0080415E /* ViewModel */,
				3CD200652917E2300076D77E /* ActivityAttributes */,
				3C371BD5290C00CE00DFD619 /* Manager */,
				3C9AEA5128FBF8910080415E /* Model */,
				3C748E0D2901CE30004781E5 /* Ressources */,
				3C9AEA6328FC25310080415E /* Songs */,
				3C9AEA2928FBF6360080415E /* Assets.xcassets */,
				3C9AEA2B28FBF6360080415E /* Preview Content */,
			);
			path = BougeTesJambes;
			sourceTree = "<group>";
		};
		3C9AEA2B28FBF6360080415E /* Preview Content */ = {
			isa = PBXGroup;
			children = (
				3C9AEA2C28FBF6360080415E /* Preview Assets.xcassets */,
			);
			path = "Preview Content";
			sourceTree = "<group>";
		};
		3C9AEA3528FBF6360080415E /* MaskoTests */ = {
			isa = PBXGroup;
			children = (
				3C9AEA5D28FC20430080415E /* ConvertTimeTests.swift */,
				3CC54E5A291265E10013E75F /* FinishedSessionTests.swift */,
			);
			path = MaskoTests;
			sourceTree = "<group>";
		};
		3C9AEA5128FBF8910080415E /* Model */ = {
			isa = PBXGroup;
			children = (
				3C9AEA4F28FBF6B90080415E /* SessionModel.swift */,
			);
			path = Model;
			sourceTree = "<group>";
		};
		3C9AEA5628FC063E0080415E /* ViewModel */ = {
			isa = PBXGroup;
			children = (
				3C9AEA5428FC063A0080415E /* FinishedSessionViewModel.swift */,
				3C9AEA5B28FC1E230080415E /* ConvertTimeViewModel.swift */,
				3C9AEA6128FC24DA0080415E /* PlaySongViewModel.swift */,
				3C5D424628FD7B6000005398 /* CoreMotionViewModel.swift */,
				3CC3D5B029029C9F006DC14A /* WeatherViewModel.swift */,
			);
			path = ViewModel;
			sourceTree = "<group>";
		};
		3C9AEA6328FC25310080415E /* Songs */ = {
			isa = PBXGroup;
			children = (
				3C9AEA6428FC25310080415E /* mixkit-service.wav */,
				3C9AEA6528FC25310080415E /* mixkit-happy.wav */,
				3C9AEA6628FC25310080415E /* mixkit-horror.wav */,
				3C9AEA6728FC25310080415E /* mixkit-arcade.wav */,
			);
			path = Songs;
			sourceTree = "<group>";
		};
		3CAB873728FF0226009966D5 /* Cells */ = {
			isa = PBXGroup;
			children = (
				3CAB873928FF0A97009966D5 /* ShowFinishedSessionSheetButtonCell.swift */,
				3C23DEEB2902E78000767947 /* BackgroundLinearColor.swift */,
				3C196FBE2903DE7900431ED5 /* SessionFinishedTextCell.swift */,
				3C47EB0629086A050096D1D7 /* ChartCell.swift */,
			);
			path = Cells;
			sourceTree = "<group>";
		};
		3CAB873828FF0237009966D5 /* Screens */ = {
			isa = PBXGroup;
			children = (
				3C748E092901CC9C004781E5 /* LaunchSessionView.swift */,
				3C9AEA5228FBFD0B0080415E /* StartedSessionView.swift */,
				3C9AEA5728FC09730080415E /* FinishedSessionListView.swift */,
				3C9AEA5928FC1B970080415E /* FinishedSessionDetailView.swift */,
			);
			path = Screens;
			sourceTree = "<group>";
		};
		3CAB873D28FF0D79009966D5 /* ViewModifiers */ = {
			isa = PBXGroup;
			children = (
				3CAB873B28FF0D6A009966D5 /* ToolbarTitleViewModifier.swift */,
			);
			path = ViewModifiers;
			sourceTree = "<group>";
		};
		3CAB873E28FF0D97009966D5 /* Views */ = {
			isa = PBXGroup;
			children = (
				3CAB873828FF0237009966D5 /* Screens */,
				3CC3D5B32902A5BB006DC14A /* Components */,
				3CAB873D28FF0D79009966D5 /* ViewModifiers */,
			);
			path = Views;
			sourceTree = "<group>";
		};
		3CC3D5B22902A5AB006DC14A /* Row */ = {
			isa = PBXGroup;
			children = (
			);
			path = Row;
			sourceTree = "<group>";
		};
		3CC3D5B32902A5BB006DC14A /* Components */ = {
			isa = PBXGroup;
			children = (
				3C23DEEA2902E15700767947 /* Buttons */,
				3CAB873728FF0226009966D5 /* Cells */,
				3CC3D5B22902A5AB006DC14A /* Row */,
			);
			path = Components;
			sourceTree = "<group>";
		};
		3CD200652917E2300076D77E /* ActivityAttributes */ = {
			isa = PBXGroup;
			children = (
				3CA5FFE9291425B200A789CF /* SessionActivityAttributes.swift */,
			);
			path = ActivityAttributes;
			sourceTree = "<group>";
		};
		3CE7F2252912DD1D00B0ED83 /* Frameworks */ = {
			isa = PBXGroup;
			children = (
				3CE7F2262912DD1D00B0ED83 /* WidgetKit.framework */,
				3CE7F2282912DD1D00B0ED83 /* SwiftUI.framework */,
			);
			name = Frameworks;
			sourceTree = "<group>";
		};
		3CE7F22A2912DD1D00B0ED83 /* MaskoLiveActivityWidget */ = {
			isa = PBXGroup;
			children = (
				3CE7F22B2912DD1D00B0ED83 /* MaskoLiveActivityWidgetBundle.swift */,
				3CE7F22D2912DD1D00B0ED83 /* MaskoLiveActivityWidgetLiveActivity.swift */,
				3CE7F22F2912DD1D00B0ED83 /* MaskoLiveActivityWidget.swift */,
				3CE7F2312912DD1E00B0ED83 /* Assets.xcassets */,
				3CE7F2332912DD1E00B0ED83 /* Info.plist */,
			);
			path = MaskoLiveActivityWidget;
			sourceTree = "<group>";
		};
/* End PBXGroup section */

/* Begin PBXNativeTarget section */
		3C9AEA2128FBF6350080415E /* Masko */ = {
			isa = PBXNativeTarget;
			buildConfigurationList = 3C9AEA4628FBF6360080415E /* Build configuration list for PBXNativeTarget "Masko" */;
			buildPhases = (
				3C394A202911120D00A6771C /* Swiftlint */,
				3C9AEA1E28FBF6350080415E /* Sources */,
				3C9AEA1F28FBF6350080415E /* Frameworks */,
				3C9AEA2028FBF6350080415E /* Resources */,
				3CE7F2372912DD1E00B0ED83 /* Embed Foundation Extensions */,
			);
			buildRules = (
			);
			dependencies = (
				3CE7F2352912DD1E00B0ED83 /* PBXTargetDependency */,
			);
			name = Masko;
			productName = BougeTesJambes;
			productReference = 3C9AEA2228FBF6350080415E /* Masko.app */;
			productType = "com.apple.product-type.application";
		};
		3C9AEA3128FBF6360080415E /* MaskoTests */ = {
			isa = PBXNativeTarget;
			buildConfigurationList = 3C9AEA4928FBF6360080415E /* Build configuration list for PBXNativeTarget "MaskoTests" */;
			buildPhases = (
				3C9AEA2E28FBF6360080415E /* Sources */,
				3C9AEA2F28FBF6360080415E /* Frameworks */,
				3C9AEA3028FBF6360080415E /* Resources */,
			);
			buildRules = (
			);
			dependencies = (
				3C9AEA3428FBF6360080415E /* PBXTargetDependency */,
			);
			name = MaskoTests;
			productName = BougeTesJambesTests;
			productReference = 3C9AEA3228FBF6360080415E /* MaskoTests.xctest */;
			productType = "com.apple.product-type.bundle.unit-test";
		};
		3CE7F2232912DD1D00B0ED83 /* MaskoLiveActivityWidgetExtension */ = {
			isa = PBXNativeTarget;
			buildConfigurationList = 3CE7F23A2912DD1E00B0ED83 /* Build configuration list for PBXNativeTarget "MaskoLiveActivityWidgetExtension" */;
			buildPhases = (
				3CE7F2202912DD1D00B0ED83 /* Sources */,
				3CE7F2212912DD1D00B0ED83 /* Frameworks */,
				3CE7F2222912DD1D00B0ED83 /* Resources */,
			);
			buildRules = (
			);
			dependencies = (
			);
			name = MaskoLiveActivityWidgetExtension;
			productName = MaskoLiveActivityWidgetExtension;
			productReference = 3CE7F2242912DD1D00B0ED83 /* MaskoLiveActivityWidgetExtension.appex */;
			productType = "com.apple.product-type.app-extension";
		};
/* End PBXNativeTarget section */

/* Begin PBXProject section */
		3C9AEA1A28FBF6350080415E /* Project object */ = {
			isa = PBXProject;
			attributes = {
				BuildIndependentTargetsInParallel = 1;
				LastSwiftUpdateCheck = 1410;
				LastUpgradeCheck = 1400;
				TargetAttributes = {
					3C9AEA2128FBF6350080415E = {
						CreatedOnToolsVersion = 14.0.1;
					};
					3C9AEA3128FBF6360080415E = {
						CreatedOnToolsVersion = 14.0.1;
						TestTargetID = 3C9AEA2128FBF6350080415E;
					};
					3CE7F2232912DD1D00B0ED83 = {
						CreatedOnToolsVersion = 14.1;
					};
				};
			};
			buildConfigurationList = 3C9AEA1D28FBF6350080415E /* Build configuration list for PBXProject "Masko" */;
			compatibilityVersion = "Xcode 14.0";
			developmentRegion = en;
			hasScannedForEncodings = 0;
			knownRegions = (
				en,
				Base,
			);
			mainGroup = 3C9AEA1928FBF6350080415E;
			productRefGroup = 3C9AEA2328FBF6350080415E /* Products */;
			projectDirPath = "";
			projectRoot = "";
			targets = (
				3C9AEA2128FBF6350080415E /* Masko */,
				3C9AEA3128FBF6360080415E /* MaskoTests */,
				3CE7F2232912DD1D00B0ED83 /* MaskoLiveActivityWidgetExtension */,
			);
		};
/* End PBXProject section */

/* Begin PBXResourcesBuildPhase section */
		3C9AEA2028FBF6350080415E /* Resources */ = {
			isa = PBXResourcesBuildPhase;
			buildActionMask = 2147483647;
			files = (
				3C9AEA6B28FC25310080415E /* mixkit-arcade.wav in Resources */,
				3C9AEA2D28FBF6360080415E /* Preview Assets.xcassets in Resources */,
				3C9AEA6928FC25310080415E /* mixkit-happy.wav in Resources */,
				3C9AEA6A28FC25310080415E /* mixkit-horror.wav in Resources */,
				3C9AEA2A28FBF6360080415E /* Assets.xcassets in Resources */,
				3C9AEA6828FC25310080415E /* mixkit-service.wav in Resources */,
			);
			runOnlyForDeploymentPostprocessing = 0;
		};
		3C9AEA3028FBF6360080415E /* Resources */ = {
			isa = PBXResourcesBuildPhase;
			buildActionMask = 2147483647;
			files = (
			);
			runOnlyForDeploymentPostprocessing = 0;
		};
		3CE7F2222912DD1D00B0ED83 /* Resources */ = {
			isa = PBXResourcesBuildPhase;
			buildActionMask = 2147483647;
			files = (
				3CE7F2322912DD1E00B0ED83 /* Assets.xcassets in Resources */,
			);
			runOnlyForDeploymentPostprocessing = 0;
		};
/* End PBXResourcesBuildPhase section */

/* Begin PBXShellScriptBuildPhase section */
		3C394A202911120D00A6771C /* Swiftlint */ = {
			isa = PBXShellScriptBuildPhase;
			alwaysOutOfDate = 1;
			buildActionMask = 2147483647;
			files = (
			);
			inputFileListPaths = (
			);
			inputPaths = (
			);
			name = Swiftlint;
			outputFileListPaths = (
			);
			outputPaths = (
			);
			runOnlyForDeploymentPostprocessing = 0;
			shellPath = /bin/sh;
			shellScript = "export PATH=\"$PATH:/opt/homebrew/bin\"\nif which swiftlint > /dev/null; then\n  swiftlint\nelse\n  echo \"warning: SwiftLint not installed, download from https://github.com/realm/SwiftLint\"\nfi\n";
		};
/* End PBXShellScriptBuildPhase section */

/* Begin PBXSourcesBuildPhase section */
		3C9AEA1E28FBF6350080415E /* Sources */ = {
			isa = PBXSourcesBuildPhase;
			buildActionMask = 2147483647;
			files = (
				3CC3D5B129029C9F006DC14A /* WeatherViewModel.swift in Sources */,
				3CA5FFEA291425B200A789CF /* SessionActivityAttributes.swift in Sources */,
				3C9AEA6228FC24DA0080415E /* PlaySongViewModel.swift in Sources */,
				3C47EB04290843FF0096D1D7 /* DoubleExtension.swift in Sources */,
				3C9AEA7228FC2FE90080415E /* LocationManager.swift in Sources */,
				3C9AEA5C28FC1E230080415E /* ConvertTimeViewModel.swift in Sources */,
				3C47EB0729086A050096D1D7 /* ChartCell.swift in Sources */,
				3C23DEE92902E0E600767947 /* SessionRunningButton.swift in Sources */,
				3C52FFFF291035EB0047FC18 /* StartSessionButton.swift in Sources */,
				3C23DEEC2902E78000767947 /* BackgroundLinearColor.swift in Sources */,
				3C5D424728FD7B6000005398 /* CoreMotionViewModel.swift in Sources */,
				3C196FBF2903DE7900431ED5 /* SessionFinishedTextCell.swift in Sources */,
				3C748E112901DDE5004781E5 /* Samples.swift in Sources */,
				3C9AEA5828FC09730080415E /* FinishedSessionListView.swift in Sources */,
				3CAB873C28FF0D6A009966D5 /* ToolbarTitleViewModifier.swift in Sources */,
				3C9AEA5528FC063A0080415E /* FinishedSessionViewModel.swift in Sources */,
				3C9AEA5A28FC1B970080415E /* FinishedSessionDetailView.swift in Sources */,
				3C9AEA5328FBFD0B0080415E /* StartedSessionView.swift in Sources */,
				3C9AEA2628FBF6350080415E /* BougeTesJambesApp.swift in Sources */,
				3C748E0A2901CC9C004781E5 /* LaunchSessionView.swift in Sources */,
				3C9AEA5028FBF6B90080415E /* SessionModel.swift in Sources */,
				3CAB873A28FF0A97009966D5 /* ShowFinishedSessionSheetButtonCell.swift in Sources */,
			);
			runOnlyForDeploymentPostprocessing = 0;
		};
		3C9AEA2E28FBF6360080415E /* Sources */ = {
			isa = PBXSourcesBuildPhase;
			buildActionMask = 2147483647;
			files = (
				3CC54E5B291265E10013E75F /* FinishedSessionTests.swift in Sources */,
				3C9AEA5E28FC20430080415E /* ConvertTimeTests.swift in Sources */,
			);
			runOnlyForDeploymentPostprocessing = 0;
		};
		3CE7F2202912DD1D00B0ED83 /* Sources */ = {
			isa = PBXSourcesBuildPhase;
			buildActionMask = 2147483647;
			files = (
				3CD200662917F6EB0076D77E /* DoubleExtension.swift in Sources */,
				3CA5FFEB291425C500A789CF /* SessionActivityAttributes.swift in Sources */,
				3CE7F22C2912DD1D00B0ED83 /* MaskoLiveActivityWidgetBundle.swift in Sources */,
				3CE7F2302912DD1D00B0ED83 /* MaskoLiveActivityWidget.swift in Sources */,
				3CE7F22E2912DD1D00B0ED83 /* MaskoLiveActivityWidgetLiveActivity.swift in Sources */,
			);
			runOnlyForDeploymentPostprocessing = 0;
		};
/* End PBXSourcesBuildPhase section */

/* Begin PBXTargetDependency section */
		3C9AEA3428FBF6360080415E /* PBXTargetDependency */ = {
			isa = PBXTargetDependency;
			target = 3C9AEA2128FBF6350080415E /* Masko */;
			targetProxy = 3C9AEA3328FBF6360080415E /* PBXContainerItemProxy */;
		};
		3CE7F2352912DD1E00B0ED83 /* PBXTargetDependency */ = {
			isa = PBXTargetDependency;
			target = 3CE7F2232912DD1D00B0ED83 /* MaskoLiveActivityWidgetExtension */;
			targetProxy = 3CE7F2342912DD1E00B0ED83 /* PBXContainerItemProxy */;
		};
/* End PBXTargetDependency section */

/* Begin XCBuildConfiguration section */
		3C9AEA4428FBF6360080415E /* Debug */ = {
			isa = XCBuildConfiguration;
			buildSettings = {
				ALWAYS_SEARCH_USER_PATHS = NO;
				CLANG_ANALYZER_NONNULL = YES;
				CLANG_ANALYZER_NUMBER_OBJECT_CONVERSION = YES_AGGRESSIVE;
				CLANG_CXX_LANGUAGE_STANDARD = "gnu++20";
				CLANG_ENABLE_MODULES = YES;
				CLANG_ENABLE_OBJC_ARC = YES;
				CLANG_ENABLE_OBJC_WEAK = YES;
				CLANG_WARN_BLOCK_CAPTURE_AUTORELEASING = YES;
				CLANG_WARN_BOOL_CONVERSION = YES;
				CLANG_WARN_COMMA = YES;
				CLANG_WARN_CONSTANT_CONVERSION = YES;
				CLANG_WARN_DEPRECATED_OBJC_IMPLEMENTATIONS = YES;
				CLANG_WARN_DIRECT_OBJC_ISA_USAGE = YES_ERROR;
				CLANG_WARN_DOCUMENTATION_COMMENTS = YES;
				CLANG_WARN_EMPTY_BODY = YES;
				CLANG_WARN_ENUM_CONVERSION = YES;
				CLANG_WARN_INFINITE_RECURSION = YES;
				CLANG_WARN_INT_CONVERSION = YES;
				CLANG_WARN_NON_LITERAL_NULL_CONVERSION = YES;
				CLANG_WARN_OBJC_IMPLICIT_RETAIN_SELF = YES;
				CLANG_WARN_OBJC_LITERAL_CONVERSION = YES;
				CLANG_WARN_OBJC_ROOT_CLASS = YES_ERROR;
				CLANG_WARN_QUOTED_INCLUDE_IN_FRAMEWORK_HEADER = YES;
				CLANG_WARN_RANGE_LOOP_ANALYSIS = YES;
				CLANG_WARN_STRICT_PROTOTYPES = YES;
				CLANG_WARN_SUSPICIOUS_MOVE = YES;
				CLANG_WARN_UNGUARDED_AVAILABILITY = YES_AGGRESSIVE;
				CLANG_WARN_UNREACHABLE_CODE = YES;
				CLANG_WARN__DUPLICATE_METHOD_MATCH = YES;
				COPY_PHASE_STRIP = NO;
				DEBUG_INFORMATION_FORMAT = dwarf;
				ENABLE_STRICT_OBJC_MSGSEND = YES;
				ENABLE_TESTABILITY = YES;
				GCC_C_LANGUAGE_STANDARD = gnu11;
				GCC_DYNAMIC_NO_PIC = NO;
				GCC_NO_COMMON_BLOCKS = YES;
				GCC_OPTIMIZATION_LEVEL = 0;
				GCC_PREPROCESSOR_DEFINITIONS = (
					"DEBUG=1",
					"$(inherited)",
				);
				GCC_WARN_64_TO_32_BIT_CONVERSION = YES;
				GCC_WARN_ABOUT_RETURN_TYPE = YES_ERROR;
				GCC_WARN_UNDECLARED_SELECTOR = YES;
				GCC_WARN_UNINITIALIZED_AUTOS = YES_AGGRESSIVE;
				GCC_WARN_UNUSED_FUNCTION = YES;
				GCC_WARN_UNUSED_VARIABLE = YES;
				IPHONEOS_DEPLOYMENT_TARGET = 16.0;
				MTL_ENABLE_DEBUG_INFO = INCLUDE_SOURCE;
				MTL_FAST_MATH = YES;
				ONLY_ACTIVE_ARCH = YES;
				SDKROOT = iphoneos;
				SWIFT_ACTIVE_COMPILATION_CONDITIONS = DEBUG;
				SWIFT_OPTIMIZATION_LEVEL = "-Onone";
			};
			name = Debug;
		};
		3C9AEA4528FBF6360080415E /* Release */ = {
			isa = XCBuildConfiguration;
			buildSettings = {
				ALWAYS_SEARCH_USER_PATHS = NO;
				CLANG_ANALYZER_NONNULL = YES;
				CLANG_ANALYZER_NUMBER_OBJECT_CONVERSION = YES_AGGRESSIVE;
				CLANG_CXX_LANGUAGE_STANDARD = "gnu++20";
				CLANG_ENABLE_MODULES = YES;
				CLANG_ENABLE_OBJC_ARC = YES;
				CLANG_ENABLE_OBJC_WEAK = YES;
				CLANG_WARN_BLOCK_CAPTURE_AUTORELEASING = YES;
				CLANG_WARN_BOOL_CONVERSION = YES;
				CLANG_WARN_COMMA = YES;
				CLANG_WARN_CONSTANT_CONVERSION = YES;
				CLANG_WARN_DEPRECATED_OBJC_IMPLEMENTATIONS = YES;
				CLANG_WARN_DIRECT_OBJC_ISA_USAGE = YES_ERROR;
				CLANG_WARN_DOCUMENTATION_COMMENTS = YES;
				CLANG_WARN_EMPTY_BODY = YES;
				CLANG_WARN_ENUM_CONVERSION = YES;
				CLANG_WARN_INFINITE_RECURSION = YES;
				CLANG_WARN_INT_CONVERSION = YES;
				CLANG_WARN_NON_LITERAL_NULL_CONVERSION = YES;
				CLANG_WARN_OBJC_IMPLICIT_RETAIN_SELF = YES;
				CLANG_WARN_OBJC_LITERAL_CONVERSION = YES;
				CLANG_WARN_OBJC_ROOT_CLASS = YES_ERROR;
				CLANG_WARN_QUOTED_INCLUDE_IN_FRAMEWORK_HEADER = YES;
				CLANG_WARN_RANGE_LOOP_ANALYSIS = YES;
				CLANG_WARN_STRICT_PROTOTYPES = YES;
				CLANG_WARN_SUSPICIOUS_MOVE = YES;
				CLANG_WARN_UNGUARDED_AVAILABILITY = YES_AGGRESSIVE;
				CLANG_WARN_UNREACHABLE_CODE = YES;
				CLANG_WARN__DUPLICATE_METHOD_MATCH = YES;
				COPY_PHASE_STRIP = NO;
				DEBUG_INFORMATION_FORMAT = "dwarf-with-dsym";
				ENABLE_NS_ASSERTIONS = NO;
				ENABLE_STRICT_OBJC_MSGSEND = YES;
				GCC_C_LANGUAGE_STANDARD = gnu11;
				GCC_NO_COMMON_BLOCKS = YES;
				GCC_WARN_64_TO_32_BIT_CONVERSION = YES;
				GCC_WARN_ABOUT_RETURN_TYPE = YES_ERROR;
				GCC_WARN_UNDECLARED_SELECTOR = YES;
				GCC_WARN_UNINITIALIZED_AUTOS = YES_AGGRESSIVE;
				GCC_WARN_UNUSED_FUNCTION = YES;
				GCC_WARN_UNUSED_VARIABLE = YES;
				IPHONEOS_DEPLOYMENT_TARGET = 16.0;
				MTL_ENABLE_DEBUG_INFO = NO;
				MTL_FAST_MATH = YES;
				SDKROOT = iphoneos;
				SWIFT_COMPILATION_MODE = wholemodule;
				SWIFT_OPTIMIZATION_LEVEL = "-O";
				VALIDATE_PRODUCT = YES;
			};
			name = Release;
		};
		3C9AEA4728FBF6360080415E /* Debug */ = {
			isa = XCBuildConfiguration;
			buildSettings = {
				ALWAYS_EMBED_SWIFT_STANDARD_LIBRARIES = YES;
				ASSETCATALOG_COMPILER_APPICON_NAME = AppIcon;
				ASSETCATALOG_COMPILER_GLOBAL_ACCENT_COLOR_NAME = AccentColor;
				CODE_SIGN_ENTITLEMENTS = Masko.entitlements;
				CODE_SIGN_STYLE = Automatic;
				CURRENT_PROJECT_VERSION = 34;
				DEVELOPMENT_ASSET_PATHS = "\"BougeTesJambes/Preview Content\"";
				DEVELOPMENT_TEAM = 99M75C322U;
				ENABLE_PREVIEWS = YES;
				GENERATE_INFOPLIST_FILE = YES;
				INFOPLIST_FILE = "Masko-Info.plist";
				INFOPLIST_KEY_LSApplicationCategoryType = "public.app-category.sports";
				INFOPLIST_KEY_NSLocationAlwaysAndWhenInUseUsageDescription = "";
				INFOPLIST_KEY_NSLocationWhenInUseUsageDescription = "Nous avons besoin de votre localisation pour vous donner votre vitesse lors de vos entraînements.";
				INFOPLIST_KEY_NSMotionUsageDescription = "Nous avons besoin des informations fitness pour savoir la distance et les pas que vous parcourez lors de vos entraînements.";
				INFOPLIST_KEY_NSSupportsLiveActivities = YES;
				INFOPLIST_KEY_UIApplicationSceneManifest_Generation = YES;
				INFOPLIST_KEY_UIApplicationSupportsIndirectInputEvents = YES;
				INFOPLIST_KEY_UILaunchScreen_Generation = YES;
				INFOPLIST_KEY_UISupportedInterfaceOrientations = UIInterfaceOrientationPortrait;
				INFOPLIST_KEY_UISupportedInterfaceOrientations_iPad = "UIInterfaceOrientationLandscapeLeft UIInterfaceOrientationLandscapeRight UIInterfaceOrientationPortrait UIInterfaceOrientationPortraitUpsideDown";
				IPHONEOS_DEPLOYMENT_TARGET = 16.1;
				LD_RUNPATH_SEARCH_PATHS = (
					"$(inherited)",
					"@executable_path/Frameworks",
				);
				MARKETING_VERSION = 0.2.14;
				PRODUCT_BUNDLE_IDENTIFIER = com.elliot.knight.BougeTesJambes;
				PRODUCT_NAME = "$(TARGET_NAME)";
				SUPPORTED_PLATFORMS = "iphoneos iphonesimulator";
				SUPPORTS_MACCATALYST = NO;
				SUPPORTS_MAC_DESIGNED_FOR_IPHONE_IPAD = NO;
				SWIFT_EMIT_LOC_STRINGS = YES;
				SWIFT_VERSION = 5.0;
				TARGETED_DEVICE_FAMILY = "1,2";
			};
			name = Debug;
		};
		3C9AEA4828FBF6360080415E /* Release */ = {
			isa = XCBuildConfiguration;
			buildSettings = {
				ALWAYS_EMBED_SWIFT_STANDARD_LIBRARIES = YES;
				ASSETCATALOG_COMPILER_APPICON_NAME = AppIcon;
				ASSETCATALOG_COMPILER_GLOBAL_ACCENT_COLOR_NAME = AccentColor;
				CODE_SIGN_ENTITLEMENTS = Masko.entitlements;
				CODE_SIGN_STYLE = Automatic;
				CURRENT_PROJECT_VERSION = 34;
				DEVELOPMENT_ASSET_PATHS = "\"BougeTesJambes/Preview Content\"";
				DEVELOPMENT_TEAM = 99M75C322U;
				ENABLE_PREVIEWS = YES;
				GENERATE_INFOPLIST_FILE = YES;
				INFOPLIST_FILE = "Masko-Info.plist";
				INFOPLIST_KEY_LSApplicationCategoryType = "public.app-category.sports";
				INFOPLIST_KEY_NSLocationAlwaysAndWhenInUseUsageDescription = "";
				INFOPLIST_KEY_NSLocationWhenInUseUsageDescription = "Nous avons besoin de votre localisation pour vous donner votre vitesse lors de vos entraînements.";
				INFOPLIST_KEY_NSMotionUsageDescription = "Nous avons besoin des informations fitness pour savoir la distance et les pas que vous parcourez lors de vos entraînements.";
				INFOPLIST_KEY_NSSupportsLiveActivities = YES;
				INFOPLIST_KEY_UIApplicationSceneManifest_Generation = YES;
				INFOPLIST_KEY_UIApplicationSupportsIndirectInputEvents = YES;
				INFOPLIST_KEY_UILaunchScreen_Generation = YES;
				INFOPLIST_KEY_UISupportedInterfaceOrientations = UIInterfaceOrientationPortrait;
				INFOPLIST_KEY_UISupportedInterfaceOrientations_iPad = "UIInterfaceOrientationLandscapeLeft UIInterfaceOrientationLandscapeRight UIInterfaceOrientationPortrait UIInterfaceOrientationPortraitUpsideDown";
				IPHONEOS_DEPLOYMENT_TARGET = 16.1;
				LD_RUNPATH_SEARCH_PATHS = (
					"$(inherited)",
					"@executable_path/Frameworks",
				);
				MARKETING_VERSION = 0.2.14;
				PRODUCT_BUNDLE_IDENTIFIER = com.elliot.knight.BougeTesJambes;
				PRODUCT_NAME = "$(TARGET_NAME)";
				SUPPORTED_PLATFORMS = "iphoneos iphonesimulator";
				SUPPORTS_MACCATALYST = NO;
				SUPPORTS_MAC_DESIGNED_FOR_IPHONE_IPAD = NO;
				SWIFT_EMIT_LOC_STRINGS = YES;
				SWIFT_VERSION = 5.0;
				TARGETED_DEVICE_FAMILY = "1,2";
			};
			name = Release;
		};
		3C9AEA4A28FBF6360080415E /* Debug */ = {
			isa = XCBuildConfiguration;
			buildSettings = {
				ALWAYS_EMBED_SWIFT_STANDARD_LIBRARIES = YES;
				BUNDLE_LOADER = "$(TEST_HOST)";
				CODE_SIGN_STYLE = Automatic;
				CURRENT_PROJECT_VERSION = 1;
				DEVELOPMENT_TEAM = 99M75C322U;
				GENERATE_INFOPLIST_FILE = YES;
				IPHONEOS_DEPLOYMENT_TARGET = 16.0;
				MARKETING_VERSION = 1.0;
				PRODUCT_BUNDLE_IDENTIFIER = com.elliot.knight.BougeTesJambesTests;
				PRODUCT_NAME = "$(TARGET_NAME)";
				SUPPORTED_PLATFORMS = "iphoneos iphonesimulator";
				SUPPORTS_MACCATALYST = NO;
				SUPPORTS_MAC_DESIGNED_FOR_IPHONE_IPAD = YES;
				SWIFT_EMIT_LOC_STRINGS = NO;
				SWIFT_VERSION = 5.0;
				TARGETED_DEVICE_FAMILY = "1,2";
				TEST_HOST = "$(BUILT_PRODUCTS_DIR)/Masko.app/$(BUNDLE_EXECUTABLE_FOLDER_PATH)/Masko";
			};
			name = Debug;
		};
		3C9AEA4B28FBF6360080415E /* Release */ = {
			isa = XCBuildConfiguration;
			buildSettings = {
				ALWAYS_EMBED_SWIFT_STANDARD_LIBRARIES = YES;
				BUNDLE_LOADER = "$(TEST_HOST)";
				CODE_SIGN_STYLE = Automatic;
				CURRENT_PROJECT_VERSION = 1;
				DEVELOPMENT_TEAM = 99M75C322U;
				GENERATE_INFOPLIST_FILE = YES;
				IPHONEOS_DEPLOYMENT_TARGET = 16.0;
				MARKETING_VERSION = 1.0;
				PRODUCT_BUNDLE_IDENTIFIER = com.elliot.knight.BougeTesJambesTests;
				PRODUCT_NAME = "$(TARGET_NAME)";
				SUPPORTED_PLATFORMS = "iphoneos iphonesimulator";
				SUPPORTS_MACCATALYST = NO;
				SUPPORTS_MAC_DESIGNED_FOR_IPHONE_IPAD = YES;
				SWIFT_EMIT_LOC_STRINGS = NO;
				SWIFT_VERSION = 5.0;
				TARGETED_DEVICE_FAMILY = "1,2";
				TEST_HOST = "$(BUILT_PRODUCTS_DIR)/Masko.app/$(BUNDLE_EXECUTABLE_FOLDER_PATH)/Masko";
			};
			name = Release;
		};
		3CE7F2382912DD1E00B0ED83 /* Debug */ = {
			isa = XCBuildConfiguration;
			buildSettings = {
				ASSETCATALOG_COMPILER_GLOBAL_ACCENT_COLOR_NAME = AccentColor;
				ASSETCATALOG_COMPILER_WIDGET_BACKGROUND_COLOR_NAME = WidgetBackground;
				CODE_SIGN_STYLE = Automatic;
				CURRENT_PROJECT_VERSION = 34;
				DEVELOPMENT_TEAM = 99M75C322U;
				GENERATE_INFOPLIST_FILE = YES;
				INFOPLIST_FILE = MaskoLiveActivityWidget/Info.plist;
				INFOPLIST_KEY_CFBundleDisplayName = MaskoLiveActivityWidget;
				INFOPLIST_KEY_NSHumanReadableCopyright = "";
				IPHONEOS_DEPLOYMENT_TARGET = 16.1;
				LD_RUNPATH_SEARCH_PATHS = (
					"$(inherited)",
					"@executable_path/Frameworks",
					"@executable_path/../../Frameworks",
				);
				MARKETING_VERSION = 0.2.14;
				PRODUCT_BUNDLE_IDENTIFIER = com.elliot.knight.BougeTesJambes.MaskoLiveActivityWidget;
				PRODUCT_NAME = "$(TARGET_NAME)";
				SKIP_INSTALL = YES;
				SWIFT_EMIT_LOC_STRINGS = YES;
				SWIFT_VERSION = 5.0;
				TARGETED_DEVICE_FAMILY = "1,2";
			};
			name = Debug;
		};
		3CE7F2392912DD1E00B0ED83 /* Release */ = {
			isa = XCBuildConfiguration;
			buildSettings = {
				ASSETCATALOG_COMPILER_GLOBAL_ACCENT_COLOR_NAME = AccentColor;
				ASSETCATALOG_COMPILER_WIDGET_BACKGROUND_COLOR_NAME = WidgetBackground;
				CODE_SIGN_STYLE = Automatic;
				CURRENT_PROJECT_VERSION = 34;
				DEVELOPMENT_TEAM = 99M75C322U;
				GENERATE_INFOPLIST_FILE = YES;
				INFOPLIST_FILE = MaskoLiveActivityWidget/Info.plist;
				INFOPLIST_KEY_CFBundleDisplayName = MaskoLiveActivityWidget;
				INFOPLIST_KEY_NSHumanReadableCopyright = "";
				IPHONEOS_DEPLOYMENT_TARGET = 16.1;
				LD_RUNPATH_SEARCH_PATHS = (
					"$(inherited)",
					"@executable_path/Frameworks",
					"@executable_path/../../Frameworks",
				);
				MARKETING_VERSION = 0.2.14;
				PRODUCT_BUNDLE_IDENTIFIER = com.elliot.knight.BougeTesJambes.MaskoLiveActivityWidget;
				PRODUCT_NAME = "$(TARGET_NAME)";
				SKIP_INSTALL = YES;
				SWIFT_EMIT_LOC_STRINGS = YES;
				SWIFT_VERSION = 5.0;
				TARGETED_DEVICE_FAMILY = "1,2";
			};
			name = Release;
		};
/* End XCBuildConfiguration section */

/* Begin XCConfigurationList section */
		3C9AEA1D28FBF6350080415E /* Build configuration list for PBXProject "Masko" */ = {
			isa = XCConfigurationList;
			buildConfigurations = (
				3C9AEA4428FBF6360080415E /* Debug */,
				3C9AEA4528FBF6360080415E /* Release */,
			);
			defaultConfigurationIsVisible = 0;
			defaultConfigurationName = Release;
		};
		3C9AEA4628FBF6360080415E /* Build configuration list for PBXNativeTarget "Masko" */ = {
			isa = XCConfigurationList;
			buildConfigurations = (
				3C9AEA4728FBF6360080415E /* Debug */,
				3C9AEA4828FBF6360080415E /* Release */,
			);
			defaultConfigurationIsVisible = 0;
			defaultConfigurationName = Release;
		};
		3C9AEA4928FBF6360080415E /* Build configuration list for PBXNativeTarget "MaskoTests" */ = {
			isa = XCConfigurationList;
			buildConfigurations = (
				3C9AEA4A28FBF6360080415E /* Debug */,
				3C9AEA4B28FBF6360080415E /* Release */,
			);
			defaultConfigurationIsVisible = 0;
			defaultConfigurationName = Release;
		};
		3CE7F23A2912DD1E00B0ED83 /* Build configuration list for PBXNativeTarget "MaskoLiveActivityWidgetExtension" */ = {
			isa = XCConfigurationList;
			buildConfigurations = (
				3CE7F2382912DD1E00B0ED83 /* Debug */,
				3CE7F2392912DD1E00B0ED83 /* Release */,
			);
			defaultConfigurationIsVisible = 0;
			defaultConfigurationName = Release;
		};
/* End XCConfigurationList section */
	};
	rootObject = 3C9AEA1A28FBF6350080415E /* Project object */;
}
